// !$*UTF8*$!
{
	archiveVersion = 1;
	classes = {
	};
	objectVersion = 45;
	objects = {

/* Begin PBXBuildFile section */
		8DC2EF530486A6940098B216 /* InfoPlist.strings in Resources */ = {isa = PBXBuildFile; fileRef = 089C1666FE841158C02AAC07 /* InfoPlist.strings */; };
		8DC2EF570486A6940098B216 /* Cocoa.framework in Frameworks */ = {isa = PBXBuildFile; fileRef = 1058C7B1FEA5585E11CA2CBB /* Cocoa.framework */; };
		C87C49511055D1EC006F85E0 /* DKCompiledSQLQuery.h in Headers */ = {isa = PBXBuildFile; fileRef = C87C494F1055D1EC006F85E0 /* DKCompiledSQLQuery.h */; settings = {ATTRIBUTES = (Public, ); }; };
		C87C49521055D1EC006F85E0 /* DKCompiledSQLQuery.m in Sources */ = {isa = PBXBuildFile; fileRef = C87C49501055D1EC006F85E0 /* DKCompiledSQLQuery.m */; };
		C87C4C211055F494006F85E0 /* DKDatabaseTests.m in Sources */ = {isa = PBXBuildFile; fileRef = C87C4C1A1055F48D006F85E0 /* DKDatabaseTests.m */; };
		C898AE901052EB73001E3E82 /* DKManagedObjectPrivate.h in Headers */ = {isa = PBXBuildFile; fileRef = C898AE8F1052EB73001E3E82 /* DKManagedObjectPrivate.h */; };
		C898AED91052F1EC001E3E82 /* DKDatabasePrivate.h in Headers */ = {isa = PBXBuildFile; fileRef = C898AED81052F1EC001E3E82 /* DKDatabasePrivate.h */; };
		C8B051E610504A0900E8FB20 /* DatabaseKit.h in Headers */ = {isa = PBXBuildFile; fileRef = C8B051E510504A0900E8FB20 /* DatabaseKit.h */; settings = {ATTRIBUTES = (Public, ); }; };
		C8B052351050599000E8FB20 /* DKDatabase.h in Headers */ = {isa = PBXBuildFile; fileRef = C8B052331050599000E8FB20 /* DKDatabase.h */; settings = {ATTRIBUTES = (Public, ); }; };
		C8B052361050599000E8FB20 /* DKDatabase.m in Sources */ = {isa = PBXBuildFile; fileRef = C8B052341050599000E8FB20 /* DKDatabase.m */; };
		C8B05243105059C200E8FB20 /* libsqlite3.dylib in Frameworks */ = {isa = PBXBuildFile; fileRef = C8B05242105059C200E8FB20 /* libsqlite3.dylib */; };
		C8B0526A105085FD00E8FB20 /* Errors.strings in Resources */ = {isa = PBXBuildFile; fileRef = C8B05269105085FD00E8FB20 /* Errors.strings */; };
		C8B0526F1050860900E8FB20 /* DatabaseKitDefines.h in Headers */ = {isa = PBXBuildFile; fileRef = C8B0526D1050860900E8FB20 /* DatabaseKitDefines.h */; settings = {ATTRIBUTES = (Public, ); }; };
		C8B052701050860900E8FB20 /* DatabaseKitDefines.m in Sources */ = {isa = PBXBuildFile; fileRef = C8B0526E1050860900E8FB20 /* DatabaseKitDefines.m */; };
		C8B052B910508ABB00E8FB20 /* DKDatabaseLayout.h in Headers */ = {isa = PBXBuildFile; fileRef = C8B052B710508ABB00E8FB20 /* DKDatabaseLayout.h */; settings = {ATTRIBUTES = (Public, ); }; };
		C8B052BA10508ABB00E8FB20 /* DKDatabaseLayout.m in Sources */ = {isa = PBXBuildFile; fileRef = C8B052B810508ABB00E8FB20 /* DKDatabaseLayout.m */; };
		C8B0FA9810516A7C0020F5BC /* DKFetchRequest.h in Headers */ = {isa = PBXBuildFile; fileRef = C8B0FA9610516A7C0020F5BC /* DKFetchRequest.h */; settings = {ATTRIBUTES = (Public, ); }; };
		C8B0FA9910516A7C0020F5BC /* DKFetchRequest.m in Sources */ = {isa = PBXBuildFile; fileRef = C8B0FA9710516A7C0020F5BC /* DKFetchRequest.m */; };
		C8B0FA9C10516A830020F5BC /* DKManagedObject.h in Headers */ = {isa = PBXBuildFile; fileRef = C8B0FA9A10516A830020F5BC /* DKManagedObject.h */; settings = {ATTRIBUTES = (Public, ); }; };
		C8B0FA9D10516A830020F5BC /* DKManagedObject.m in Sources */ = {isa = PBXBuildFile; fileRef = C8B0FA9B10516A830020F5BC /* DKManagedObject.m */; };
		C8B0FAE510516E600020F5BC /* DKTableDescription.h in Headers */ = {isa = PBXBuildFile; fileRef = C8B0FAE310516E600020F5BC /* DKTableDescription.h */; settings = {ATTRIBUTES = (Public, ); }; };
		C8B0FAE610516E600020F5BC /* DKTableDescription.m in Sources */ = {isa = PBXBuildFile; fileRef = C8B0FAE410516E600020F5BC /* DKTableDescription.m */; };
		C8B0FC171052C0EC0020F5BC /* NSString+Database.h in Headers */ = {isa = PBXBuildFile; fileRef = C8B0FC151052C0EC0020F5BC /* NSString+Database.h */; };
		C8B0FC181052C0EC0020F5BC /* NSString+Database.m in Sources */ = {isa = PBXBuildFile; fileRef = C8B0FC161052C0EC0020F5BC /* NSString+Database.m */; };
/* End PBXBuildFile section */

/* Begin PBXBuildRule section */
		C8B052A01050890B00E8FB20 /* PBXBuildRule */ = {
			isa = PBXBuildRule;
			compilerSpec = com.apple.compilers.llvm.clang.1_0;
			fileType = sourcecode.c;
			isEditable = 1;
			outputFiles = (
			);
		};
/* End PBXBuildRule section */

/* Begin PBXContainerItemProxy section */
		C87C4C351055F540006F85E0 /* PBXContainerItemProxy */ = {
			isa = PBXContainerItemProxy;
			containerPortal = 0867D690FE84028FC02AAC07 /* Project object */;
			proxyType = 1;
			remoteGlobalIDString = 8DC2EF4F0486A6940098B216;
			remoteInfo = DatabaseKit;
		};
/* End PBXContainerItemProxy section */

/* Begin PBXFileReference section */
		0867D69BFE84028FC02AAC07 /* Foundation.framework */ = {isa = PBXFileReference; lastKnownFileType = wrapper.framework; name = Foundation.framework; path = /System/Library/Frameworks/Foundation.framework; sourceTree = "<absolute>"; };
		0867D6A5FE840307C02AAC07 /* AppKit.framework */ = {isa = PBXFileReference; lastKnownFileType = wrapper.framework; name = AppKit.framework; path = /System/Library/Frameworks/AppKit.framework; sourceTree = "<absolute>"; };
		089C1667FE841158C02AAC07 /* English */ = {isa = PBXFileReference; fileEncoding = 4; lastKnownFileType = text.plist.strings; name = English; path = English.lproj/InfoPlist.strings; sourceTree = "<group>"; };
		1058C7B1FEA5585E11CA2CBB /* Cocoa.framework */ = {isa = PBXFileReference; lastKnownFileType = wrapper.framework; name = Cocoa.framework; path = /System/Library/Frameworks/Cocoa.framework; sourceTree = "<absolute>"; };
		32DBCF5E0370ADEE00C91783 /* DatabaseKit_Prefix.pch */ = {isa = PBXFileReference; fileEncoding = 4; lastKnownFileType = sourcecode.c.h; path = DatabaseKit_Prefix.pch; sourceTree = "<group>"; };
		8DC2EF5A0486A6940098B216 /* Info.plist */ = {isa = PBXFileReference; fileEncoding = 4; lastKnownFileType = text.plist.xml; path = Info.plist; sourceTree = "<group>"; };
		8DC2EF5B0486A6940098B216 /* DatabaseKit.framework */ = {isa = PBXFileReference; explicitFileType = wrapper.framework; includeInIndex = 0; path = DatabaseKit.framework; sourceTree = BUILT_PRODUCTS_DIR; };
		C87C494F1055D1EC006F85E0 /* DKCompiledSQLQuery.h */ = {isa = PBXFileReference; fileEncoding = 4; lastKnownFileType = sourcecode.c.h; path = DKCompiledSQLQuery.h; sourceTree = "<group>"; };
		C87C49501055D1EC006F85E0 /* DKCompiledSQLQuery.m */ = {isa = PBXFileReference; fileEncoding = 4; lastKnownFileType = sourcecode.c.objc; path = DKCompiledSQLQuery.m; sourceTree = "<group>"; };
		C87C4BDE1055F318006F85E0 /* DatabaseKitTests-Info.plist */ = {isa = PBXFileReference; lastKnownFileType = text.plist.xml; path = "DatabaseKitTests-Info.plist"; sourceTree = "<group>"; };
		C87C4C001055F3E8006F85E0 /* DBKitTest-Info.plist */ = {isa = PBXFileReference; lastKnownFileType = text.plist.xml; path = "DBKitTest-Info.plist"; sourceTree = "<group>"; };
		C87C4C0F1055F423006F85E0 /* DatabaseKitTests.octest */ = {isa = PBXFileReference; explicitFileType = wrapper.cfbundle; includeInIndex = 0; path = DatabaseKitTests.octest; sourceTree = BUILT_PRODUCTS_DIR; };
		C87C4C191055F48D006F85E0 /* DKDatabaseTests.h */ = {isa = PBXFileReference; fileEncoding = 4; lastKnownFileType = sourcecode.c.h; path = DKDatabaseTests.h; sourceTree = "<group>"; };
		C87C4C1A1055F48D006F85E0 /* DKDatabaseTests.m */ = {isa = PBXFileReference; fileEncoding = 4; lastKnownFileType = sourcecode.c.objc; path = DKDatabaseTests.m; sourceTree = "<group>"; };
		C898AE8F1052EB73001E3E82 /* DKManagedObjectPrivate.h */ = {isa = PBXFileReference; fileEncoding = 4; lastKnownFileType = sourcecode.c.h; path = DKManagedObjectPrivate.h; sourceTree = "<group>"; };
		C898AED81052F1EC001E3E82 /* DKDatabasePrivate.h */ = {isa = PBXFileReference; fileEncoding = 4; lastKnownFileType = sourcecode.c.h; path = DKDatabasePrivate.h; sourceTree = "<group>"; };
		C8B051E510504A0900E8FB20 /* DatabaseKit.h */ = {isa = PBXFileReference; fileEncoding = 4; lastKnownFileType = sourcecode.c.h; path = DatabaseKit.h; sourceTree = "<group>"; };
		C8B052331050599000E8FB20 /* DKDatabase.h */ = {isa = PBXFileReference; fileEncoding = 4; lastKnownFileType = sourcecode.c.h; path = DKDatabase.h; sourceTree = "<group>"; };
		C8B052341050599000E8FB20 /* DKDatabase.m */ = {isa = PBXFileReference; fileEncoding = 4; lastKnownFileType = sourcecode.c.objc; path = DKDatabase.m; sourceTree = "<group>"; };
		C8B05242105059C200E8FB20 /* libsqlite3.dylib */ = {isa = PBXFileReference; lastKnownFileType = "compiled.mach-o.dylib"; name = libsqlite3.dylib; path = /usr/lib/libsqlite3.dylib; sourceTree = "<absolute>"; };
		C8B05267105085FB00E8FB20 /* English */ = {isa = PBXFileReference; fileEncoding = 4; lastKnownFileType = text.plist.strings; name = English; path = English.lproj/Errors.strings; sourceTree = "<group>"; };
		C8B0526D1050860900E8FB20 /* DatabaseKitDefines.h */ = {isa = PBXFileReference; fileEncoding = 4; lastKnownFileType = sourcecode.c.h; path = DatabaseKitDefines.h; sourceTree = "<group>"; };
		C8B0526E1050860900E8FB20 /* DatabaseKitDefines.m */ = {isa = PBXFileReference; fileEncoding = 4; lastKnownFileType = sourcecode.c.objc; path = DatabaseKitDefines.m; sourceTree = "<group>"; };
		C8B052B710508ABB00E8FB20 /* DKDatabaseLayout.h */ = {isa = PBXFileReference; fileEncoding = 4; lastKnownFileType = sourcecode.c.h; path = DKDatabaseLayout.h; sourceTree = "<group>"; };
		C8B052B810508ABB00E8FB20 /* DKDatabaseLayout.m */ = {isa = PBXFileReference; fileEncoding = 4; lastKnownFileType = sourcecode.c.objc; path = DKDatabaseLayout.m; sourceTree = "<group>"; };
		C8B0FA9610516A7C0020F5BC /* DKFetchRequest.h */ = {isa = PBXFileReference; fileEncoding = 4; lastKnownFileType = sourcecode.c.h; path = DKFetchRequest.h; sourceTree = "<group>"; };
		C8B0FA9710516A7C0020F5BC /* DKFetchRequest.m */ = {isa = PBXFileReference; fileEncoding = 4; lastKnownFileType = sourcecode.c.objc; path = DKFetchRequest.m; sourceTree = "<group>"; };
		C8B0FA9A10516A830020F5BC /* DKManagedObject.h */ = {isa = PBXFileReference; fileEncoding = 4; lastKnownFileType = sourcecode.c.h; path = DKManagedObject.h; sourceTree = "<group>"; };
		C8B0FA9B10516A830020F5BC /* DKManagedObject.m */ = {isa = PBXFileReference; fileEncoding = 4; lastKnownFileType = sourcecode.c.objc; path = DKManagedObject.m; sourceTree = "<group>"; };
		C8B0FAE310516E600020F5BC /* DKTableDescription.h */ = {isa = PBXFileReference; fileEncoding = 4; lastKnownFileType = sourcecode.c.h; path = DKTableDescription.h; sourceTree = "<group>"; };
		C8B0FAE410516E600020F5BC /* DKTableDescription.m */ = {isa = PBXFileReference; fileEncoding = 4; lastKnownFileType = sourcecode.c.objc; path = DKTableDescription.m; sourceTree = "<group>"; };
		C8B0FC151052C0EC0020F5BC /* NSString+Database.h */ = {isa = PBXFileReference; fileEncoding = 4; lastKnownFileType = sourcecode.c.h; path = "NSString+Database.h"; sourceTree = "<group>"; };
		C8B0FC161052C0EC0020F5BC /* NSString+Database.m */ = {isa = PBXFileReference; fileEncoding = 4; lastKnownFileType = sourcecode.c.objc; path = "NSString+Database.m"; sourceTree = "<group>"; };
		D2F7E79907B2D74100F64583 /* CoreData.framework */ = {isa = PBXFileReference; lastKnownFileType = wrapper.framework; name = CoreData.framework; path = /System/Library/Frameworks/CoreData.framework; sourceTree = "<absolute>"; };
/* End PBXFileReference section */

/* Begin PBXFrameworksBuildPhase section */
		8DC2EF560486A6940098B216 /* Frameworks */ = {
			isa = PBXFrameworksBuildPhase;
			buildActionMask = 2147483647;
			files = (
				8DC2EF570486A6940098B216 /* Cocoa.framework in Frameworks */,
				C8B05243105059C200E8FB20 /* libsqlite3.dylib in Frameworks */,
			);
			runOnlyForDeploymentPostprocessing = 0;
		};
		C87C4C0C1055F423006F85E0 /* Frameworks */ = {
			isa = PBXFrameworksBuildPhase;
			buildActionMask = 2147483647;
			files = (
			);
			runOnlyForDeploymentPostprocessing = 0;
		};
/* End PBXFrameworksBuildPhase section */

/* Begin PBXGroup section */
		034768DFFF38A50411DB9C8B /* Products */ = {
			isa = PBXGroup;
			children = (
				8DC2EF5B0486A6940098B216 /* DatabaseKit.framework */,
				C87C4C0F1055F423006F85E0 /* DatabaseKitTests.octest */,
			);
			name = Products;
			sourceTree = "<group>";
		};
		0867D691FE84028FC02AAC07 /* DatabaseKit */ = {
			isa = PBXGroup;
			children = (
				C87C4C181055F481006F85E0 /* Tests */,
				08FB77AEFE84172EC02AAC07 /* Classes */,
				32C88DFF0371C24200C91783 /* Other Sources */,
				089C1665FE841158C02AAC07 /* Resources */,
				0867D69AFE84028FC02AAC07 /* External Frameworks and Libraries */,
				034768DFFF38A50411DB9C8B /* Products */,
				C87C4BDE1055F318006F85E0 /* DatabaseKitTests-Info.plist */,
				C87C4C001055F3E8006F85E0 /* DBKitTest-Info.plist */,
			);
			name = DatabaseKit;
			sourceTree = "<group>";
		};
		0867D69AFE84028FC02AAC07 /* External Frameworks and Libraries */ = {
			isa = PBXGroup;
			children = (
				1058C7B0FEA5585E11CA2CBB /* Linked Frameworks */,
				1058C7B2FEA5585E11CA2CBB /* Other Frameworks */,
			);
			name = "External Frameworks and Libraries";
			sourceTree = "<group>";
		};
		089C1665FE841158C02AAC07 /* Resources */ = {
			isa = PBXGroup;
			children = (
				8DC2EF5A0486A6940098B216 /* Info.plist */,
				089C1666FE841158C02AAC07 /* InfoPlist.strings */,
				C8B05269105085FD00E8FB20 /* Errors.strings */,
			);
			name = Resources;
			sourceTree = "<group>";
		};
		08FB77AEFE84172EC02AAC07 /* Classes */ = {
			isa = PBXGroup;
			children = (
				C898AED81052F1EC001E3E82 /* DKDatabasePrivate.h */,
				C8B052331050599000E8FB20 /* DKDatabase.h */,
				C8B052341050599000E8FB20 /* DKDatabase.m */,
				C898AE8F1052EB73001E3E82 /* DKManagedObjectPrivate.h */,
				C8B0FA9A10516A830020F5BC /* DKManagedObject.h */,
				C8B0FA9B10516A830020F5BC /* DKManagedObject.m */,
				C8B052B710508ABB00E8FB20 /* DKDatabaseLayout.h */,
				C8B052B810508ABB00E8FB20 /* DKDatabaseLayout.m */,
				C8B0FA9610516A7C0020F5BC /* DKFetchRequest.h */,
				C8B0FA9710516A7C0020F5BC /* DKFetchRequest.m */,
				C8B0FAE310516E600020F5BC /* DKTableDescription.h */,
				C8B0FAE410516E600020F5BC /* DKTableDescription.m */,
				C8B0FC151052C0EC0020F5BC /* NSString+Database.h */,
				C8B0FC161052C0EC0020F5BC /* NSString+Database.m */,
				C87C494F1055D1EC006F85E0 /* DKCompiledSQLQuery.h */,
				C87C49501055D1EC006F85E0 /* DKCompiledSQLQuery.m */,
			);
			name = Classes;
			sourceTree = "<group>";
		};
		1058C7B0FEA5585E11CA2CBB /* Linked Frameworks */ = {
			isa = PBXGroup;
			children = (
				1058C7B1FEA5585E11CA2CBB /* Cocoa.framework */,
			);
			name = "Linked Frameworks";
			sourceTree = "<group>";
		};
		1058C7B2FEA5585E11CA2CBB /* Other Frameworks */ = {
			isa = PBXGroup;
			children = (
				0867D6A5FE840307C02AAC07 /* AppKit.framework */,
				D2F7E79907B2D74100F64583 /* CoreData.framework */,
				0867D69BFE84028FC02AAC07 /* Foundation.framework */,
				C8B05242105059C200E8FB20 /* libsqlite3.dylib */,
			);
			name = "Other Frameworks";
			sourceTree = "<group>";
		};
		32C88DFF0371C24200C91783 /* Other Sources */ = {
			isa = PBXGroup;
			children = (
				32DBCF5E0370ADEE00C91783 /* DatabaseKit_Prefix.pch */,
				C8B051E510504A0900E8FB20 /* DatabaseKit.h */,
				C8B0526D1050860900E8FB20 /* DatabaseKitDefines.h */,
				C8B0526E1050860900E8FB20 /* DatabaseKitDefines.m */,
			);
			name = "Other Sources";
			sourceTree = "<group>";
		};
		C87C4C181055F481006F85E0 /* Tests */ = {
			isa = PBXGroup;
			children = (
				C87C4C191055F48D006F85E0 /* DKDatabaseTests.h */,
				C87C4C1A1055F48D006F85E0 /* DKDatabaseTests.m */,
			);
			name = Tests;
			sourceTree = "<group>";
		};
/* End PBXGroup section */

/* Begin PBXHeadersBuildPhase section */
		8DC2EF500486A6940098B216 /* Headers */ = {
			isa = PBXHeadersBuildPhase;
			buildActionMask = 2147483647;
			files = (
				C8B051E610504A0900E8FB20 /* DatabaseKit.h in Headers */,
				C8B052351050599000E8FB20 /* DKDatabase.h in Headers */,
				C8B0526F1050860900E8FB20 /* DatabaseKitDefines.h in Headers */,
				C8B052B910508ABB00E8FB20 /* DKDatabaseLayout.h in Headers */,
				C8B0FA9810516A7C0020F5BC /* DKFetchRequest.h in Headers */,
				C8B0FA9C10516A830020F5BC /* DKManagedObject.h in Headers */,
				C8B0FAE510516E600020F5BC /* DKTableDescription.h in Headers */,
				C8B0FC171052C0EC0020F5BC /* NSString+Database.h in Headers */,
				C898AE901052EB73001E3E82 /* DKManagedObjectPrivate.h in Headers */,
				C898AED91052F1EC001E3E82 /* DKDatabasePrivate.h in Headers */,
				C87C49511055D1EC006F85E0 /* DKCompiledSQLQuery.h in Headers */,
			);
			runOnlyForDeploymentPostprocessing = 0;
		};
/* End PBXHeadersBuildPhase section */

/* Begin PBXNativeTarget section */
		8DC2EF4F0486A6940098B216 /* DatabaseKit */ = {
			isa = PBXNativeTarget;
			buildConfigurationList = 1DEB91AD08733DA50010E9CD /* Build configuration list for PBXNativeTarget "DatabaseKit" */;
			buildPhases = (
				8DC2EF500486A6940098B216 /* Headers */,
				8DC2EF520486A6940098B216 /* Resources */,
				8DC2EF540486A6940098B216 /* Sources */,
				8DC2EF560486A6940098B216 /* Frameworks */,
			);
			buildRules = (
				C8B052A01050890B00E8FB20 /* PBXBuildRule */,
			);
			dependencies = (
			);
			name = DatabaseKit;
			productInstallPath = "$(HOME)/Library/Frameworks";
			productName = DatabaseKit;
			productReference = 8DC2EF5B0486A6940098B216 /* DatabaseKit.framework */;
			productType = "com.apple.product-type.framework";
		};
		C87C4C0E1055F423006F85E0 /* DatabaseKitTests */ = {
			isa = PBXNativeTarget;
			buildConfigurationList = C87C4C171055F432006F85E0 /* Build configuration list for PBXNativeTarget "DatabaseKitTests" */;
			buildPhases = (
				C87C4C0A1055F423006F85E0 /* Resources */,
				C87C4C0B1055F423006F85E0 /* Sources */,
				C87C4C0C1055F423006F85E0 /* Frameworks */,
				C87C4C0D1055F423006F85E0 /* ShellScript */,
			);
			buildRules = (
			);
			dependencies = (
				C87C4C361055F540006F85E0 /* PBXTargetDependency */,
			);
			name = DatabaseKitTests;
			productName = DatabaseKitTests;
			productReference = C87C4C0F1055F423006F85E0 /* DatabaseKitTests.octest */;
			productType = "com.apple.product-type.bundle";
		};
/* End PBXNativeTarget section */

/* Begin PBXProject section */
		0867D690FE84028FC02AAC07 /* Project object */ = {
			isa = PBXProject;
			attributes = {
				ORGANIZATIONNAME = "Roundabout Software";
			};
			buildConfigurationList = 1DEB91B108733DA50010E9CD /* Build configuration list for PBXProject "DatabaseKit" */;
			compatibilityVersion = "Xcode 3.1";
			hasScannedForEncodings = 1;
			mainGroup = 0867D691FE84028FC02AAC07 /* DatabaseKit */;
			productRefGroup = 034768DFFF38A50411DB9C8B /* Products */;
			projectDirPath = "";
			projectRoot = "";
			targets = (
				8DC2EF4F0486A6940098B216 /* DatabaseKit */,
				C87C4C0E1055F423006F85E0 /* DatabaseKitTests */,
			);
		};
/* End PBXProject section */

/* Begin PBXResourcesBuildPhase section */
		8DC2EF520486A6940098B216 /* Resources */ = {
			isa = PBXResourcesBuildPhase;
			buildActionMask = 2147483647;
			files = (
				8DC2EF530486A6940098B216 /* InfoPlist.strings in Resources */,
				C8B0526A105085FD00E8FB20 /* Errors.strings in Resources */,
			);
			runOnlyForDeploymentPostprocessing = 0;
		};
		C87C4C0A1055F423006F85E0 /* Resources */ = {
			isa = PBXResourcesBuildPhase;
			buildActionMask = 2147483647;
			files = (
			);
			runOnlyForDeploymentPostprocessing = 0;
		};
/* End PBXResourcesBuildPhase section */

/* Begin PBXShellScriptBuildPhase section */
		C87C4C0D1055F423006F85E0 /* ShellScript */ = {
			isa = PBXShellScriptBuildPhase;
			buildActionMask = 2147483647;
			files = (
			);
			inputPaths = (
			);
			outputPaths = (
			);
			runOnlyForDeploymentPostprocessing = 0;
			shellPath = /bin/sh;
			shellScript = "# Run the unit tests in this test bundle.\n\"${SYSTEM_DEVELOPER_DIR}/Tools/RunUnitTests\"\n";
		};
/* End PBXShellScriptBuildPhase section */

/* Begin PBXSourcesBuildPhase section */
		8DC2EF540486A6940098B216 /* Sources */ = {
			isa = PBXSourcesBuildPhase;
			buildActionMask = 2147483647;
			files = (
				C8B052361050599000E8FB20 /* DKDatabase.m in Sources */,
				C8B052701050860900E8FB20 /* DatabaseKitDefines.m in Sources */,
				C8B052BA10508ABB00E8FB20 /* DKDatabaseLayout.m in Sources */,
				C8B0FA9910516A7C0020F5BC /* DKFetchRequest.m in Sources */,
				C8B0FA9D10516A830020F5BC /* DKManagedObject.m in Sources */,
				C8B0FAE610516E600020F5BC /* DKTableDescription.m in Sources */,
				C8B0FC181052C0EC0020F5BC /* NSString+Database.m in Sources */,
				C87C49521055D1EC006F85E0 /* DKCompiledSQLQuery.m in Sources */,
			);
			runOnlyForDeploymentPostprocessing = 0;
		};
		C87C4C0B1055F423006F85E0 /* Sources */ = {
			isa = PBXSourcesBuildPhase;
			buildActionMask = 2147483647;
			files = (
				C87C4C211055F494006F85E0 /* DKDatabaseTests.m in Sources */,
			);
			runOnlyForDeploymentPostprocessing = 0;
		};
/* End PBXSourcesBuildPhase section */

/* Begin PBXTargetDependency section */
		C87C4C361055F540006F85E0 /* PBXTargetDependency */ = {
			isa = PBXTargetDependency;
			target = 8DC2EF4F0486A6940098B216 /* DatabaseKit */;
			targetProxy = C87C4C351055F540006F85E0 /* PBXContainerItemProxy */;
		};
/* End PBXTargetDependency section */

/* Begin PBXVariantGroup section */
		089C1666FE841158C02AAC07 /* InfoPlist.strings */ = {
			isa = PBXVariantGroup;
			children = (
				089C1667FE841158C02AAC07 /* English */,
			);
			name = InfoPlist.strings;
			sourceTree = "<group>";
		};
		C8B05269105085FD00E8FB20 /* Errors.strings */ = {
			isa = PBXVariantGroup;
			children = (
				C8B05267105085FB00E8FB20 /* English */,
			);
			name = Errors.strings;
			sourceTree = "<group>";
		};
/* End PBXVariantGroup section */

/* Begin XCBuildConfiguration section */
		1DEB91AE08733DA50010E9CD /* Debug */ = {
			isa = XCBuildConfiguration;
			buildSettings = {
				ALWAYS_SEARCH_USER_PATHS = NO;
				COPY_PHASE_STRIP = NO;
				DYLIB_COMPATIBILITY_VERSION = 1;
				DYLIB_CURRENT_VERSION = 1;
				FRAMEWORK_VERSION = A;
				GCC_DYNAMIC_NO_PIC = NO;
				GCC_ENABLE_FIX_AND_CONTINUE = YES;
				GCC_MODEL_TUNING = G5;
				GCC_OPTIMIZATION_LEVEL = 0;
				GCC_PRECOMPILE_PREFIX_HEADER = YES;
				GCC_PREFIX_HEADER = DatabaseKit_Prefix.pch;
				INFOPLIST_FILE = Info.plist;
				INSTALL_PATH = "@loader_path/../Frameworks";
				PRODUCT_NAME = DatabaseKit;
				WRAPPER_EXTENSION = framework;
			};
			name = Debug;
		};
		1DEB91AF08733DA50010E9CD /* Release */ = {
			isa = XCBuildConfiguration;
			buildSettings = {
				ALWAYS_SEARCH_USER_PATHS = NO;
				DEBUG_INFORMATION_FORMAT = "dwarf-with-dsym";
				DYLIB_COMPATIBILITY_VERSION = 1;
				DYLIB_CURRENT_VERSION = 1;
				FRAMEWORK_VERSION = A;
				GCC_MODEL_TUNING = G5;
				GCC_PRECOMPILE_PREFIX_HEADER = YES;
				GCC_PREFIX_HEADER = DatabaseKit_Prefix.pch;
				INFOPLIST_FILE = Info.plist;
				INSTALL_PATH = "$(HOME)/Library/Frameworks";
				PRODUCT_NAME = DatabaseKit;
				WRAPPER_EXTENSION = framework;
			};
			name = Release;
		};
		1DEB91B208733DA50010E9CD /* Debug */ = {
			isa = XCBuildConfiguration;
			buildSettings = {
				ARCHS = "$(ARCHS_STANDARD_32_64_BIT)";
				GCC_C_LANGUAGE_STANDARD = gnu99;
				GCC_OPTIMIZATION_LEVEL = 0;
				GCC_WARN_ABOUT_RETURN_TYPE = YES;
				GCC_WARN_UNUSED_VARIABLE = YES;
				ONLY_ACTIVE_ARCH = YES;
				PREBINDING = NO;
				SDKROOT = macosx10.6;
			};
			name = Debug;
		};
		1DEB91B308733DA50010E9CD /* Release */ = {
			isa = XCBuildConfiguration;
			buildSettings = {
				ARCHS = "$(ARCHS_STANDARD_32_64_BIT)";
				GCC_C_LANGUAGE_STANDARD = gnu99;
				GCC_WARN_ABOUT_RETURN_TYPE = YES;
				GCC_WARN_UNUSED_VARIABLE = YES;
				PREBINDING = NO;
				SDKROOT = macosx10.6;
			};
			name = Release;
		};
		C87C4C101055F424006F85E0 /* Debug */ = {
			isa = XCBuildConfiguration;
			buildSettings = {
				ALWAYS_SEARCH_USER_PATHS = NO;
				COPY_PHASE_STRIP = NO;
				FRAMEWORK_SEARCH_PATHS = "$(DEVELOPER_LIBRARY_DIR)/Frameworks";
				GCC_DYNAMIC_NO_PIC = NO;
				GCC_ENABLE_FIX_AND_CONTINUE = NO;
				GCC_ENABLE_OBJC_EXCEPTIONS = YES;
				GCC_MODEL_TUNING = G5;
				GCC_OPTIMIZATION_LEVEL = 0;
				GCC_PRECOMPILE_PREFIX_HEADER = YES;
				GCC_PREFIX_HEADER = "$(SYSTEM_LIBRARY_DIR)/Frameworks/Cocoa.framework/Headers/Cocoa.h";
				INFOPLIST_FILE = "DatabaseKitTests-Info.plist";
				INSTALL_PATH = "$(USER_LIBRARY_DIR)/Bundles";
				OTHER_LDFLAGS = (
					"-framework",
					Cocoa,
					"-framework",
					SenTestingKit,
				);
				PREBINDING = NO;
				PRODUCT_NAME = DatabaseKitTests;
				WRAPPER_EXTENSION = octest;
			};
			name = Debug;
		};
		C87C4C111055F424006F85E0 /* Release */ = {
			isa = XCBuildConfiguration;
			buildSettings = {
				ALWAYS_SEARCH_USER_PATHS = NO;
				COPY_PHASE_STRIP = YES;
				DEBUG_INFORMATION_FORMAT = "dwarf-with-dsym";
				FRAMEWORK_SEARCH_PATHS = "$(DEVELOPER_LIBRARY_DIR)/Frameworks";
				GCC_ENABLE_FIX_AND_CONTINUE = NO;
				GCC_ENABLE_OBJC_EXCEPTIONS = YES;
				GCC_MODEL_TUNING = G5;
				GCC_PRECOMPILE_PREFIX_HEADER = YES;
				GCC_PREFIX_HEADER = "$(SYSTEM_LIBRARY_DIR)/Frameworks/Cocoa.framework/Headers/Cocoa.h";
				INFOPLIST_FILE = "DatabaseKitTests-Info.plist";
				INSTALL_PATH = "$(USER_LIBRARY_DIR)/Bundles";
				OTHER_LDFLAGS = (
					"-framework",
					Cocoa,
					"-framework",
					SenTestingKit,
				);
				PREBINDING = NO;
				PRODUCT_NAME = DatabaseKitTests;
				WRAPPER_EXTENSION = octest;
				ZERO_LINK = NO;
			};
			name = Release;
		};
/* End XCBuildConfiguration section */

/* Begin XCConfigurationList section */
		1DEB91AD08733DA50010E9CD /* Build configuration list for PBXNativeTarget "DatabaseKit" */ = {
			isa = XCConfigurationList;
			buildConfigurations = (
				1DEB91AE08733DA50010E9CD /* Debug */,
				1DEB91AF08733DA50010E9CD /* Release */,
			);
			defaultConfigurationIsVisible = 0;
			defaultConfigurationName = Release;
		};
		1DEB91B108733DA50010E9CD /* Build configuration list for PBXProject "DatabaseKit" */ = {
			isa = XCConfigurationList;
			buildConfigurations = (
				1DEB91B208733DA50010E9CD /* Debug */,
				1DEB91B308733DA50010E9CD /* Release */,
			);
			defaultConfigurationIsVisible = 0;
			defaultConfigurationName = Release;
		};
		C87C4C171055F432006F85E0 /* Build configuration list for PBXNativeTarget "DatabaseKitTests" */ = {
			isa = XCConfigurationList;
			buildConfigurations = (
				C87C4C101055F424006F85E0 /* Debug */,
				C87C4C111055F424006F85E0 /* Release */,
			);
			defaultConfigurationIsVisible = 0;
			defaultConfigurationName = Release;
		};
/* End XCConfigurationList section */
	};
	rootObject = 0867D690FE84028FC02AAC07 /* Project object */;
}
